
Microsoft Visual Studio Solution File, Format Version 12.00
# Visual Studio 15
VisualStudioVersion = 15.0.27004.2005
MinimumVisualStudioVersion = 10.0.40219.1
Project("{FAE04EC0-301F-11D3-BF4B-00C04F79EFBC}") = "SummerIsComing", "SummerIsComing\SummerIsComing.csproj", "{7DDB56EC-9A21-4417-99DE-53866DF7F593}"
EndProject
Project("{FAE04EC0-301F-11D3-BF4B-00C04F79EFBC}") = "Tests", "Tests\Tests.csproj", "{945ABA4E-1697-43D0-AA41-086535089844}"
EndProject
Global
	GlobalSection(SolutionConfigurationPlatforms) = preSolution
		Debug|Any CPU = Debug|Any CPU
		Release|Any CPU = Release|Any CPU
	EndGlobalSection
	GlobalSection(ProjectConfigurationPlatforms) = postSolution
		{7DDB56EC-9A21-4417-99DE-53866DF7F593}.Debug|Any CPU.ActiveCfg = Debug|Any CPU
		{7DDB56EC-9A21-4417-99DE-53866DF7F593}.Debug|Any CPU.Build.0 = Debug|Any CPU
		{7DDB56EC-9A21-4417-99DE-53866DF7F593}.Release|Any CPU.ActiveCfg = Release|Any CPU
		{7DDB56EC-9A21-4417-99DE-53866DF7F593}.Release|Any CPU.Build.0 = Release|Any CPU
		{945ABA4E-1697-43D0-AA41-086535089844}.Debug|Any CPU.ActiveCfg = Debug|Any CPU
		{945ABA4E-1697-43D0-AA41-086535089844}.Debug|Any CPU.Build.0 = Debug|Any CPU
		{945ABA4E-1697-43D0-AA41-086535089844}.Release|Any CPU.ActiveCfg = Release|Any CPU
		{945ABA4E-1697-43D0-AA41-086535089844}.Release|Any CPU.Build.0 = Release|Any CPU
	EndGlobalSection
	GlobalSection(SolutionProperties) = preSolution
		HideSolutionNode = FALSE
	EndGlobalSection
	GlobalSection(ExtensibilityGlobals) = postSolution
		SolutionGuid = {496B9FE0-75F0-49ED-B24B-FA1382DFD8A6}
	EndGlobalSection
EndGlobal
